
Microsoft Visual Studio Solution File, Format Version 12.00
# Visual Studio Version 17
VisualStudioVersion = 17.3.32819.101
MinimumVisualStudioVersion = 10.0.40219.1
Project("{FAE04EC0-301F-11D3-BF4B-00C04F79EFBC}") = "FibonacciNumbers", "FibonacciNumbers\FibonacciNumbers.csproj", "{55D4BC7E-065D-4813-9080-43F3DBF8409B}"
EndProject
Global
	GlobalSection(SolutionConfigurationPlatforms) = preSolution
		Debug|Any CPU = Debug|Any CPU
		Release|Any CPU = Release|Any CPU
	EndGlobalSection
	GlobalSection(ProjectConfigurationPlatforms) = postSolution
		{55D4BC7E-065D-4813-9080-43F3DBF8409B}.Debug|Any CPU.ActiveCfg = Debug|Any CPU
		{55D4BC7E-065D-4813-9080-43F3DBF8409B}.Debug|Any CPU.Build.0 = Debug|Any CPU
		{55D4BC7E-065D-4813-9080-43F3DBF8409B}.Release|Any CPU.ActiveCfg = Release|Any CPU
		{55D4BC7E-065D-4813-9080-43F3DBF8409B}.Release|Any CPU.Build.0 = Release|Any CPU
	EndGlobalSection
	GlobalSection(SolutionProperties) = preSolution
		HideSolutionNode = FALSE
	EndGlobalSection
	GlobalSection(ExtensibilityGlobals) = postSolution
		SolutionGuid = {8169FD98-B54B-46FB-ABA5-0C8F03EDCEAF}
	EndGlobalSection
EndGlobal
